
Microsoft Visual Studio Solution File, Format Version 12.00
# Visual Studio 15
VisualStudioVersion = 15.0.28307.329
MinimumVisualStudioVersion = 10.0.40219.1
Project("{9A19103F-16F7-4668-BE54-9A1E7A4F7556}") = "Datos.Repositorio", "02_LogicaAccesoDatos\Datos.Repositorio\Datos.Repositorio.csproj", "{22343461-24EF-494E-A735-4FB06ED009F6}"
EndProject
Project("{9A19103F-16F7-4668-BE54-9A1E7A4F7556}") = "Entidad", "01_Modelos\Entidad\Entidad.csproj", "{1A09F670-D0F7-40ED-8B49-053B74C42649}"
EndProject
Project("{9A19103F-16F7-4668-BE54-9A1E7A4F7556}") = "Negocio.Repositorio", "03_LogicaNegocio\Negocio.Repositorio\Negocio.Repositorio.csproj", "{3672C549-AAFB-46CE-9BE3-5CB37D69575A}"
EndProject
Project("{2150E333-8FDC-42A3-9474-1A3956D46DE8}") = "01_Modelos", "01_Modelos", "{09CF3702-AB8F-4A0F-B2EF-7D6152822FFD}"
EndProject
Project("{2150E333-8FDC-42A3-9474-1A3956D46DE8}") = "02_LogicaAccesoDatos", "02_LogicaAccesoDatos", "{B4B8FF10-4224-45AE-AC82-C0FD759C9D3A}"
EndProject
Project("{2150E333-8FDC-42A3-9474-1A3956D46DE8}") = "03_LogicaNegocio", "03_LogicaNegocio", "{AD8F3129-7FF4-4703-8CB6-CCCA3289E31C}"
EndProject
Project("{2150E333-8FDC-42A3-9474-1A3956D46DE8}") = "04_App", "04_App", "{0E387B9D-75DD-4F9F-A70B-AB413BF57E8E}"
EndProject
Project("{9A19103F-16F7-4668-BE54-9A1E7A4F7556}") = "AppWeb", "04_App\AppWeb\AppWeb.csproj", "{EADC6253-A537-4908-91C4-AD317528EACD}"
EndProject
Project("{2150E333-8FDC-42A3-9474-1A3956D46DE8}") = "05_Test", "05_Test", "{6DDC5E58-02B7-44CF-9965-CBAC8305D34A}"
EndProject
Project("{9A19103F-16F7-4668-BE54-9A1E7A4F7556}") = "ConsoleApp", "05_Test\ConsoleApp\ConsoleApp.csproj", "{F9B84C12-730B-424E-8F44-D5723FCD143E}"
EndProject
Project("{9A19103F-16F7-4668-BE54-9A1E7A4F7556}") = "ModelosApi", "01_Modelos\ModelosApi\ModelosApi.csproj", "{CC07F848-4436-495E-A7C5-FB5AC0B8CD1C}"
EndProject
Project("{FAE04EC0-301F-11D3-BF4B-00C04F79EFBC}") = "PruebasUnitarias", "05_Test\PruebasUnitarias\PruebasUnitarias.csproj", "{CD7ABD9C-A08F-4723-ABE7-62BCD147BE7C}"
EndProject
Global
	GlobalSection(SolutionConfigurationPlatforms) = preSolution
		Debug|Any CPU = Debug|Any CPU
		Release|Any CPU = Release|Any CPU
	EndGlobalSection
	GlobalSection(ProjectConfigurationPlatforms) = postSolution
		{22343461-24EF-494E-A735-4FB06ED009F6}.Debug|Any CPU.ActiveCfg = Debug|Any CPU
		{22343461-24EF-494E-A735-4FB06ED009F6}.Debug|Any CPU.Build.0 = Debug|Any CPU
		{22343461-24EF-494E-A735-4FB06ED009F6}.Release|Any CPU.ActiveCfg = Release|Any CPU
		{22343461-24EF-494E-A735-4FB06ED009F6}.Release|Any CPU.Build.0 = Release|Any CPU
		{1A09F670-D0F7-40ED-8B49-053B74C42649}.Debug|Any CPU.ActiveCfg = Debug|Any CPU
		{1A09F670-D0F7-40ED-8B49-053B74C42649}.Debug|Any CPU.Build.0 = Debug|Any CPU
		{1A09F670-D0F7-40ED-8B49-053B74C42649}.Release|Any CPU.ActiveCfg = Release|Any CPU
		{1A09F670-D0F7-40ED-8B49-053B74C42649}.Release|Any CPU.Build.0 = Release|Any CPU
		{3672C549-AAFB-46CE-9BE3-5CB37D69575A}.Debug|Any CPU.ActiveCfg = Debug|Any CPU
		{3672C549-AAFB-46CE-9BE3-5CB37D69575A}.Debug|Any CPU.Build.0 = Debug|Any CPU
		{3672C549-AAFB-46CE-9BE3-5CB37D69575A}.Release|Any CPU.ActiveCfg = Release|Any CPU
		{3672C549-AAFB-46CE-9BE3-5CB37D69575A}.Release|Any CPU.Build.0 = Release|Any CPU
		{EADC6253-A537-4908-91C4-AD317528EACD}.Debug|Any CPU.ActiveCfg = Debug|Any CPU
		{EADC6253-A537-4908-91C4-AD317528EACD}.Debug|Any CPU.Build.0 = Debug|Any CPU
		{EADC6253-A537-4908-91C4-AD317528EACD}.Release|Any CPU.ActiveCfg = Release|Any CPU
		{EADC6253-A537-4908-91C4-AD317528EACD}.Release|Any CPU.Build.0 = Release|Any CPU
		{F9B84C12-730B-424E-8F44-D5723FCD143E}.Debug|Any CPU.ActiveCfg = Debug|Any CPU
		{F9B84C12-730B-424E-8F44-D5723FCD143E}.Debug|Any CPU.Build.0 = Debug|Any CPU
		{F9B84C12-730B-424E-8F44-D5723FCD143E}.Release|Any CPU.ActiveCfg = Release|Any CPU
		{F9B84C12-730B-424E-8F44-D5723FCD143E}.Release|Any CPU.Build.0 = Release|Any CPU
		{CC07F848-4436-495E-A7C5-FB5AC0B8CD1C}.Debug|Any CPU.ActiveCfg = Debug|Any CPU
		{CC07F848-4436-495E-A7C5-FB5AC0B8CD1C}.Debug|Any CPU.Build.0 = Debug|Any CPU
		{CC07F848-4436-495E-A7C5-FB5AC0B8CD1C}.Release|Any CPU.ActiveCfg = Release|Any CPU
		{CC07F848-4436-495E-A7C5-FB5AC0B8CD1C}.Release|Any CPU.Build.0 = Release|Any CPU
		{CD7ABD9C-A08F-4723-ABE7-62BCD147BE7C}.Debug|Any CPU.ActiveCfg = Debug|Any CPU
		{CD7ABD9C-A08F-4723-ABE7-62BCD147BE7C}.Debug|Any CPU.Build.0 = Debug|Any CPU
		{CD7ABD9C-A08F-4723-ABE7-62BCD147BE7C}.Release|Any CPU.ActiveCfg = Release|Any CPU
		{CD7ABD9C-A08F-4723-ABE7-62BCD147BE7C}.Release|Any CPU.Build.0 = Release|Any CPU
	EndGlobalSection
	GlobalSection(SolutionProperties) = preSolution
		HideSolutionNode = FALSE
	EndGlobalSection
	GlobalSection(NestedProjects) = preSolution
		{22343461-24EF-494E-A735-4FB06ED009F6} = {B4B8FF10-4224-45AE-AC82-C0FD759C9D3A}
		{1A09F670-D0F7-40ED-8B49-053B74C42649} = {09CF3702-AB8F-4A0F-B2EF-7D6152822FFD}
		{3672C549-AAFB-46CE-9BE3-5CB37D69575A} = {AD8F3129-7FF4-4703-8CB6-CCCA3289E31C}
		{EADC6253-A537-4908-91C4-AD317528EACD} = {0E387B9D-75DD-4F9F-A70B-AB413BF57E8E}
		{F9B84C12-730B-424E-8F44-D5723FCD143E} = {6DDC5E58-02B7-44CF-9965-CBAC8305D34A}
		{CC07F848-4436-495E-A7C5-FB5AC0B8CD1C} = {09CF3702-AB8F-4A0F-B2EF-7D6152822FFD}
		{CD7ABD9C-A08F-4723-ABE7-62BCD147BE7C} = {6DDC5E58-02B7-44CF-9965-CBAC8305D34A}
	EndGlobalSection
	GlobalSection(ExtensibilityGlobals) = postSolution
		SolutionGuid = {E8F3AC1C-7232-4C59-B09D-6822FFD43F70}
	EndGlobalSection
EndGlobal
